
Microsoft Visual Studio Solution File, Format Version 12.00
# Visual Studio Version 17
VisualStudioVersion = 17.3.32804.467
MinimumVisualStudioVersion = 10.0.40219.1
Project("{FAE04EC0-301F-11D3-BF4B-00C04F79EFBC}") = "PluralsightTutorial", "PluralsightTutorial\PluralsightTutorial.csproj", "{459AAF75-DEEE-44F5-BF42-B9F63F013E48}"
EndProject
Global
	GlobalSection(SolutionConfigurationPlatforms) = preSolution
		Debug|Any CPU = Debug|Any CPU
		Release|Any CPU = Release|Any CPU
	EndGlobalSection
	GlobalSection(ProjectConfigurationPlatforms) = postSolution
		{459AAF75-DEEE-44F5-BF42-B9F63F013E48}.Debug|Any CPU.ActiveCfg = Debug|Any CPU
		{459AAF75-DEEE-44F5-BF42-B9F63F013E48}.Debug|Any CPU.Build.0 = Debug|Any CPU
		{459AAF75-DEEE-44F5-BF42-B9F63F013E48}.Release|Any CPU.ActiveCfg = Release|Any CPU
		{459AAF75-DEEE-44F5-BF42-B9F63F013E48}.Release|Any CPU.Build.0 = Release|Any CPU
	EndGlobalSection
	GlobalSection(SolutionProperties) = preSolution
		HideSolutionNode = FALSE
	EndGlobalSection
	GlobalSection(ExtensibilityGlobals) = postSolution
		SolutionGuid = {5986F5C6-21D3-44AD-8841-F721552D5000}
	EndGlobalSection
EndGlobal
